
Microsoft Visual Studio Solution File, Format Version 12.00
# Visual Studio Version 17
VisualStudioVersion = 17.4.33110.190
MinimumVisualStudioVersion = 10.0.40219.1
Project("{FAE04EC0-301F-11D3-BF4B-00C04F79EFBC}") = "ReturningDictionary", "ReturningDictionary\ReturningDictionary.csproj", "{567C3A58-739F-46FB-A976-CB1E4EA0E83E}"
EndProject
Global
	GlobalSection(SolutionConfigurationPlatforms) = preSolution
		Debug|Any CPU = Debug|Any CPU
		Release|Any CPU = Release|Any CPU
	EndGlobalSection
	GlobalSection(ProjectConfigurationPlatforms) = postSolution
		{567C3A58-739F-46FB-A976-CB1E4EA0E83E}.Debug|Any CPU.ActiveCfg = Debug|Any CPU
		{567C3A58-739F-46FB-A976-CB1E4EA0E83E}.Debug|Any CPU.Build.0 = Debug|Any CPU
		{567C3A58-739F-46FB-A976-CB1E4EA0E83E}.Release|Any CPU.ActiveCfg = Release|Any CPU
		{567C3A58-739F-46FB-A976-CB1E4EA0E83E}.Release|Any CPU.Build.0 = Release|Any CPU
	EndGlobalSection
	GlobalSection(SolutionProperties) = preSolution
		HideSolutionNode = FALSE
	EndGlobalSection
	GlobalSection(ExtensibilityGlobals) = postSolution
		SolutionGuid = {A130E7C9-BF61-42AE-AE15-4A6F4AF80C78}
	EndGlobalSection
EndGlobal
